// !$*UTF8*$!
{
	archiveVersion = 1;
	classes = {
	};
	objectVersion = 46;
	objects = {

/* Begin PBXBuildFile section */
		A67261C6664CC489DAF82BBC /* Pods.framework in Frameworks */ = {isa = PBXBuildFile; fileRef = 64F54649E257CDB97C6126DB /* Pods.framework */; settings = {ATTRIBUTES = (Weak, ); }; };
		B21524261B9814E9000AB050 /* LoginWithAmazon.framework in Frameworks */ = {isa = PBXBuildFile; fileRef = B21524251B9814E9000AB050 /* LoginWithAmazon.framework */; };
		B21524281B981540000AB050 /* Security.framework in Frameworks */ = {isa = PBXBuildFile; fileRef = B21524271B981540000AB050 /* Security.framework */; };
		B21B94EF1B86F49000DA2A66 /* Run.m in Sources */ = {isa = PBXBuildFile; fileRef = B21B94EE1B86F49000DA2A66 /* Run.m */; };
		B21B94F21B86F49100DA2A66 /* Location.m in Sources */ = {isa = PBXBuildFile; fileRef = B21B94F11B86F49100DA2A66 /* Location.m */; };
		B21B94F51B86F4D000DA2A66 /* MathController.m in Sources */ = {isa = PBXBuildFile; fileRef = B21B94F41B86F4D000DA2A66 /* MathController.m */; };
		B21B94F71B86F72100DA2A66 /* Settings.bundle in Resources */ = {isa = PBXBuildFile; fileRef = B21B94F61B86F72100DA2A66 /* Settings.bundle */; };
		B223D01C1BBCF6D0000145FB /* landscape-78058_1280.jpg in Resources */ = {isa = PBXBuildFile; fileRef = B223D01B1BBCF6D0000145FB /* landscape-78058_1280.jpg */; };
		B23309411B925BB400D5AEDE /* RunsTableViewController.m in Sources */ = {isa = PBXBuildFile; fileRef = B233093F1B925BB400D5AEDE /* RunsTableViewController.m */; };
		B23309421B925BB400D5AEDE /* RunsTableViewController.xib in Resources */ = {isa = PBXBuildFile; fileRef = B23309401B925BB400D5AEDE /* RunsTableViewController.xib */; };
		B23309461B92632C00D5AEDE /* HomeViewController.m in Sources */ = {isa = PBXBuildFile; fileRef = B23309441B92632C00D5AEDE /* HomeViewController.m */; };
		B23309471B92632C00D5AEDE /* HomeViewController.xib in Resources */ = {isa = PBXBuildFile; fileRef = B23309451B92632C00D5AEDE /* HomeViewController.xib */; };
		B23309491B92AE5D00D5AEDE /* MapViewController.xib in Resources */ = {isa = PBXBuildFile; fileRef = B23309481B92AE5D00D5AEDE /* MapViewController.xib */; };
		B233094D1B92C14500D5AEDE /* 2015-06-27 10.28.53_post_running_sammee.jpg in Resources */ = {isa = PBXBuildFile; fileRef = B233094B1B92C14500D5AEDE /* 2015-06-27 10.28.53_post_running_sammee.jpg */; };
		B23309501B92C28900D5AEDE /* shoes_post_running_Sammee.jpg in Resources */ = {isa = PBXBuildFile; fileRef = B233094F1B92C28900D5AEDE /* shoes_post_running_Sammee.jpg */; };
		B23309541B93E3DF00D5AEDE /* MulticolorPolylineSegment.m in Sources */ = {isa = PBXBuildFile; fileRef = B23309531B93E3DF00D5AEDE /* MulticolorPolylineSegment.m */; };
		B239D0601BF023CF00F06CC8 /* TodaysWorkoutViewController.m in Sources */ = {isa = PBXBuildFile; fileRef = B239D05E1BF023CF00F06CC8 /* TodaysWorkoutViewController.m */; };
		B239D0611BF023CF00F06CC8 /* TodaysWorkoutViewController.xib in Resources */ = {isa = PBXBuildFile; fileRef = B239D05F1BF023CF00F06CC8 /* TodaysWorkoutViewController.xib */; };
		B2A16CB41BB90E0B000C8839 /* single_tree.jpg in Resources */ = {isa = PBXBuildFile; fileRef = B2A16CB31BB90E0B000C8839 /* single_tree.jpg */; };
		B2D845081B8A7E6C0035E5BC /* MapViewController.m in Sources */ = {isa = PBXBuildFile; fileRef = B2D845061B8A7E6C0035E5BC /* MapViewController.m */; };
		B2D845091B8A7E6C0035E5BC /* ViewController.xib in Resources */ = {isa = PBXBuildFile; fileRef = B2D845071B8A7E6C0035E5BC /* ViewController.xib */; };
		B2DD124D1B86E66800E30998 /* main.m in Sources */ = {isa = PBXBuildFile; fileRef = B2DD124C1B86E66800E30998 /* main.m */; };
		B2DD12501B86E66800E30998 /* AppDelegate.m in Sources */ = {isa = PBXBuildFile; fileRef = B2DD124F1B86E66800E30998 /* AppDelegate.m */; };
		B2DD12531B86E66800E30998 /* SweatHub.xcdatamodeld in Sources */ = {isa = PBXBuildFile; fileRef = B2DD12511B86E66800E30998 /* SweatHub.xcdatamodeld */; };
		B2DD125B1B86E66800E30998 /* Images.xcassets in Resources */ = {isa = PBXBuildFile; fileRef = B2DD125A1B86E66800E30998 /* Images.xcassets */; };
		B2DD126A1B86E66800E30998 /* SweatHubTests.m in Sources */ = {isa = PBXBuildFile; fileRef = B2DD12691B86E66800E30998 /* SweatHubTests.m */; };
/* End PBXBuildFile section */

/* Begin PBXContainerItemProxy section */
		B2DD12641B86E66800E30998 /* PBXContainerItemProxy */ = {
			isa = PBXContainerItemProxy;
			containerPortal = B2DD123F1B86E66800E30998 /* Project object */;
			proxyType = 1;
			remoteGlobalIDString = B2DD12461B86E66800E30998;
			remoteInfo = SweatHub;
		};
/* End PBXContainerItemProxy section */

/* Begin PBXFileReference section */
		534206F73AD4F6ECAFCE424D /* Pods.debug.xcconfig */ = {isa = PBXFileReference; includeInIndex = 1; lastKnownFileType = text.xcconfig; name = Pods.debug.xcconfig; path = "Pods/Target Support Files/Pods/Pods.debug.xcconfig"; sourceTree = "<group>"; };
		64F54649E257CDB97C6126DB /* Pods.framework */ = {isa = PBXFileReference; explicitFileType = wrapper.framework; includeInIndex = 0; path = Pods.framework; sourceTree = BUILT_PRODUCTS_DIR; };
		B21524251B9814E9000AB050 /* LoginWithAmazon.framework */ = {isa = PBXFileReference; lastKnownFileType = wrapper.framework; path = LoginWithAmazon.framework; sourceTree = "<group>"; };
		B21524271B981540000AB050 /* Security.framework */ = {isa = PBXFileReference; lastKnownFileType = wrapper.framework; name = Security.framework; path = System/Library/Frameworks/Security.framework; sourceTree = SDKROOT; };
		B21B94ED1B86F49000DA2A66 /* Run.h */ = {isa = PBXFileReference; fileEncoding = 4; lastKnownFileType = sourcecode.c.h; path = Run.h; sourceTree = "<group>"; };
		B21B94EE1B86F49000DA2A66 /* Run.m */ = {isa = PBXFileReference; fileEncoding = 4; lastKnownFileType = sourcecode.c.objc; path = Run.m; sourceTree = "<group>"; };
		B21B94F01B86F49100DA2A66 /* Location.h */ = {isa = PBXFileReference; fileEncoding = 4; lastKnownFileType = sourcecode.c.h; path = Location.h; sourceTree = "<group>"; };
		B21B94F11B86F49100DA2A66 /* Location.m */ = {isa = PBXFileReference; fileEncoding = 4; lastKnownFileType = sourcecode.c.objc; path = Location.m; sourceTree = "<group>"; };
		B21B94F31B86F4D000DA2A66 /* MathController.h */ = {isa = PBXFileReference; fileEncoding = 4; lastKnownFileType = sourcecode.c.h; path = MathController.h; sourceTree = "<group>"; };
		B21B94F41B86F4D000DA2A66 /* MathController.m */ = {isa = PBXFileReference; fileEncoding = 4; lastKnownFileType = sourcecode.c.objc; path = MathController.m; sourceTree = "<group>"; };
		B21B94F61B86F72100DA2A66 /* Settings.bundle */ = {isa = PBXFileReference; lastKnownFileType = "wrapper.plug-in"; path = Settings.bundle; sourceTree = "<group>"; };
		B223D01B1BBCF6D0000145FB /* landscape-78058_1280.jpg */ = {isa = PBXFileReference; lastKnownFileType = image.jpeg; path = "landscape-78058_1280.jpg"; sourceTree = "<group>"; };
		B233093E1B925BB400D5AEDE /* RunsTableViewController.h */ = {isa = PBXFileReference; fileEncoding = 4; lastKnownFileType = sourcecode.c.h; path = RunsTableViewController.h; sourceTree = "<group>"; };
		B233093F1B925BB400D5AEDE /* RunsTableViewController.m */ = {isa = PBXFileReference; fileEncoding = 4; lastKnownFileType = sourcecode.c.objc; path = RunsTableViewController.m; sourceTree = "<group>"; };
		B23309401B925BB400D5AEDE /* RunsTableViewController.xib */ = {isa = PBXFileReference; fileEncoding = 4; lastKnownFileType = file.xib; path = RunsTableViewController.xib; sourceTree = "<group>"; };
		B23309431B92632C00D5AEDE /* HomeViewController.h */ = {isa = PBXFileReference; fileEncoding = 4; lastKnownFileType = sourcecode.c.h; path = HomeViewController.h; sourceTree = "<group>"; };
		B23309441B92632C00D5AEDE /* HomeViewController.m */ = {isa = PBXFileReference; fileEncoding = 4; lastKnownFileType = sourcecode.c.objc; path = HomeViewController.m; sourceTree = "<group>"; };
		B23309451B92632C00D5AEDE /* HomeViewController.xib */ = {isa = PBXFileReference; fileEncoding = 4; lastKnownFileType = file.xib; path = HomeViewController.xib; sourceTree = "<group>"; };
		B23309481B92AE5D00D5AEDE /* MapViewController.xib */ = {isa = PBXFileReference; fileEncoding = 4; lastKnownFileType = file.xib; path = MapViewController.xib; sourceTree = "<group>"; };
		B233094B1B92C14500D5AEDE /* 2015-06-27 10.28.53_post_running_sammee.jpg */ = {isa = PBXFileReference; lastKnownFileType = image.jpeg; path = "2015-06-27 10.28.53_post_running_sammee.jpg"; sourceTree = "<group>"; };
		B233094F1B92C28900D5AEDE /* shoes_post_running_Sammee.jpg */ = {isa = PBXFileReference; lastKnownFileType = image.jpeg; path = shoes_post_running_Sammee.jpg; sourceTree = "<group>"; };
		B23309531B93E3DF00D5AEDE /* MulticolorPolylineSegment.m */ = {isa = PBXFileReference; fileEncoding = 4; lastKnownFileType = sourcecode.c.objc; path = MulticolorPolylineSegment.m; sourceTree = "<group>"; };
		B23309551B93E3F500D5AEDE /* MulticolorPolylineSegment.h */ = {isa = PBXFileReference; fileEncoding = 4; lastKnownFileType = sourcecode.c.h; path = MulticolorPolylineSegment.h; sourceTree = "<group>"; };
		B239D05D1BF023CF00F06CC8 /* TodaysWorkoutViewController.h */ = {isa = PBXFileReference; fileEncoding = 4; lastKnownFileType = sourcecode.c.h; path = TodaysWorkoutViewController.h; sourceTree = "<group>"; };
		B239D05E1BF023CF00F06CC8 /* TodaysWorkoutViewController.m */ = {isa = PBXFileReference; fileEncoding = 4; lastKnownFileType = sourcecode.c.objc; path = TodaysWorkoutViewController.m; sourceTree = "<group>"; };
		B239D05F1BF023CF00F06CC8 /* TodaysWorkoutViewController.xib */ = {isa = PBXFileReference; fileEncoding = 4; lastKnownFileType = file.xib; path = TodaysWorkoutViewController.xib; sourceTree = "<group>"; };
		B2A16CB31BB90E0B000C8839 /* single_tree.jpg */ = {isa = PBXFileReference; lastKnownFileType = image.jpeg; path = single_tree.jpg; sourceTree = "<group>"; };
		B2A16CB51BB90EFA000C8839 /* ProjectInclude.h */ = {isa = PBXFileReference; fileEncoding = 4; lastKnownFileType = sourcecode.c.h; path = ProjectInclude.h; sourceTree = "<group>"; };
		B2B6B8722478E28B17D39C3C /* Pods.release.xcconfig */ = {isa = PBXFileReference; includeInIndex = 1; lastKnownFileType = text.xcconfig; name = Pods.release.xcconfig; path = "Pods/Target Support Files/Pods/Pods.release.xcconfig"; sourceTree = "<group>"; };
		B2D845051B8A7E6C0035E5BC /* MapViewController.h */ = {isa = PBXFileReference; fileEncoding = 4; lastKnownFileType = sourcecode.c.h; path = MapViewController.h; sourceTree = "<group>"; };
		B2D845061B8A7E6C0035E5BC /* MapViewController.m */ = {isa = PBXFileReference; fileEncoding = 4; lastKnownFileType = sourcecode.c.objc; path = MapViewController.m; sourceTree = "<group>"; };
		B2D845071B8A7E6C0035E5BC /* ViewController.xib */ = {isa = PBXFileReference; fileEncoding = 4; lastKnownFileType = file.xib; path = ViewController.xib; sourceTree = "<group>"; };
		B2DD12471B86E66800E30998 /* SweatHub.app */ = {isa = PBXFileReference; explicitFileType = wrapper.application; includeInIndex = 0; path = SweatHub.app; sourceTree = BUILT_PRODUCTS_DIR; };
		B2DD124B1B86E66800E30998 /* Info.plist */ = {isa = PBXFileReference; lastKnownFileType = text.plist.xml; path = Info.plist; sourceTree = "<group>"; };
		B2DD124C1B86E66800E30998 /* main.m */ = {isa = PBXFileReference; lastKnownFileType = sourcecode.c.objc; path = main.m; sourceTree = "<group>"; };
		B2DD124E1B86E66800E30998 /* AppDelegate.h */ = {isa = PBXFileReference; lastKnownFileType = sourcecode.c.h; path = AppDelegate.h; sourceTree = "<group>"; };
		B2DD124F1B86E66800E30998 /* AppDelegate.m */ = {isa = PBXFileReference; lastKnownFileType = sourcecode.c.objc; path = AppDelegate.m; sourceTree = "<group>"; };
		B2DD12521B86E66800E30998 /* SweatHub.xcdatamodel */ = {isa = PBXFileReference; lastKnownFileType = wrapper.xcdatamodel; path = SweatHub.xcdatamodel; sourceTree = "<group>"; };
		B2DD125A1B86E66800E30998 /* Images.xcassets */ = {isa = PBXFileReference; lastKnownFileType = folder.assetcatalog; path = Images.xcassets; sourceTree = "<group>"; };
		B2DD12631B86E66800E30998 /* SweatHubTests.xctest */ = {isa = PBXFileReference; explicitFileType = wrapper.cfbundle; includeInIndex = 0; path = SweatHubTests.xctest; sourceTree = BUILT_PRODUCTS_DIR; };
		B2DD12681B86E66800E30998 /* Info.plist */ = {isa = PBXFileReference; lastKnownFileType = text.plist.xml; path = Info.plist; sourceTree = "<group>"; };
		B2DD12691B86E66800E30998 /* SweatHubTests.m */ = {isa = PBXFileReference; lastKnownFileType = sourcecode.c.objc; path = SweatHubTests.m; sourceTree = "<group>"; };
/* End PBXFileReference section */

/* Begin PBXFrameworksBuildPhase section */
		B2DD12441B86E66800E30998 /* Frameworks */ = {
			isa = PBXFrameworksBuildPhase;
			buildActionMask = 2147483647;
			files = (
				B21524281B981540000AB050 /* Security.framework in Frameworks */,
				B21524261B9814E9000AB050 /* LoginWithAmazon.framework in Frameworks */,
				A67261C6664CC489DAF82BBC /* Pods.framework in Frameworks */,
			);
			runOnlyForDeploymentPostprocessing = 0;
		};
		B2DD12601B86E66800E30998 /* Frameworks */ = {
			isa = PBXFrameworksBuildPhase;
			buildActionMask = 2147483647;
			files = (
			);
			runOnlyForDeploymentPostprocessing = 0;
		};
/* End PBXFrameworksBuildPhase section */

/* Begin PBXGroup section */
		5F6D9804FFC16C1EBFE71DF7 /* Pods */ = {
			isa = PBXGroup;
			children = (
				534206F73AD4F6ECAFCE424D /* Pods.debug.xcconfig */,
				B2B6B8722478E28B17D39C3C /* Pods.release.xcconfig */,
			);
			name = Pods;
			sourceTree = "<group>";
		};
		B233094A1B92C0B600D5AEDE /* images */ = {
			isa = PBXGroup;
			children = (
				B223D01B1BBCF6D0000145FB /* landscape-78058_1280.jpg */,
				B2A16CB31BB90E0B000C8839 /* single_tree.jpg */,
				B233094F1B92C28900D5AEDE /* shoes_post_running_Sammee.jpg */,
				B233094B1B92C14500D5AEDE /* 2015-06-27 10.28.53_post_running_sammee.jpg */,
			);
			name = images;
			sourceTree = "<group>";
		};
		B2BFF3951BBB90230001AAF3 /* xibs */ = {
			isa = PBXGroup;
			children = (
				B239D05F1BF023CF00F06CC8 /* TodaysWorkoutViewController.xib */,
				B23309451B92632C00D5AEDE /* HomeViewController.xib */,
				B2D845071B8A7E6C0035E5BC /* ViewController.xib */,
				B23309481B92AE5D00D5AEDE /* MapViewController.xib */,
				B23309401B925BB400D5AEDE /* RunsTableViewController.xib */,
			);
			name = xibs;
			sourceTree = "<group>";
		};
		B2DD123E1B86E66800E30998 = {
			isa = PBXGroup;
			children = (
				B2DD12491B86E66800E30998 /* SweatHub */,
				B2DD12661B86E66800E30998 /* SweatHubTests */,
				B2DD12481B86E66800E30998 /* Products */,
				5F6D9804FFC16C1EBFE71DF7 /* Pods */,
				FB70B25F05AE778CB4B23815 /* Frameworks */,
			);
			sourceTree = "<group>";
		};
		B2DD12481B86E66800E30998 /* Products */ = {
			isa = PBXGroup;
			children = (
				B2DD12471B86E66800E30998 /* SweatHub.app */,
				B2DD12631B86E66800E30998 /* SweatHubTests.xctest */,
			);
			name = Products;
			sourceTree = "<group>";
		};
		B2DD12491B86E66800E30998 /* SweatHub */ = {
			isa = PBXGroup;
			children = (
				B233094A1B92C0B600D5AEDE /* images */,
				B2DD124E1B86E66800E30998 /* AppDelegate.h */,
				B2DD124F1B86E66800E30998 /* AppDelegate.m */,
				B23309431B92632C00D5AEDE /* HomeViewController.h */,
				B23309441B92632C00D5AEDE /* HomeViewController.m */,
				B2D845051B8A7E6C0035E5BC /* MapViewController.h */,
				B2D845061B8A7E6C0035E5BC /* MapViewController.m */,
				B239D05D1BF023CF00F06CC8 /* TodaysWorkoutViewController.h */,
				B239D05E1BF023CF00F06CC8 /* TodaysWorkoutViewController.m */,
				B233093E1B925BB400D5AEDE /* RunsTableViewController.h */,
				B233093F1B925BB400D5AEDE /* RunsTableViewController.m */,
				B23309531B93E3DF00D5AEDE /* MulticolorPolylineSegment.m */,
				B23309551B93E3F500D5AEDE /* MulticolorPolylineSegment.h */,
				B2A16CB51BB90EFA000C8839 /* ProjectInclude.h */,
				B2BFF3951BBB90230001AAF3 /* xibs */,
				B2DD124A1B86E66800E30998 /* Supporting Files */,
				B2DD125A1B86E66800E30998 /* Images.xcassets */,
				B2DD12511B86E66800E30998 /* SweatHub.xcdatamodeld */,
				B21B94F61B86F72100DA2A66 /* Settings.bundle */,
			);
			path = SweatHub;
			sourceTree = "<group>";
		};
		B2DD124A1B86E66800E30998 /* Supporting Files */ = {
			isa = PBXGroup;
			children = (
				B2DD124B1B86E66800E30998 /* Info.plist */,
				B2DD124C1B86E66800E30998 /* main.m */,
				B21B94F31B86F4D000DA2A66 /* MathController.h */,
				B21B94F41B86F4D000DA2A66 /* MathController.m */,
				B21B94F01B86F49100DA2A66 /* Location.h */,
				B21B94F11B86F49100DA2A66 /* Location.m */,
				B21B94ED1B86F49000DA2A66 /* Run.h */,
				B21B94EE1B86F49000DA2A66 /* Run.m */,
			);
			name = "Supporting Files";
			sourceTree = "<group>";
		};
		B2DD12661B86E66800E30998 /* SweatHubTests */ = {
			isa = PBXGroup;
			children = (
				B2DD12691B86E66800E30998 /* SweatHubTests.m */,
				B2DD12671B86E66800E30998 /* Supporting Files */,
			);
			path = SweatHubTests;
			sourceTree = "<group>";
		};
		B2DD12671B86E66800E30998 /* Supporting Files */ = {
			isa = PBXGroup;
			children = (
				B2DD12681B86E66800E30998 /* Info.plist */,
			);
			name = "Supporting Files";
			sourceTree = "<group>";
		};
		FB70B25F05AE778CB4B23815 /* Frameworks */ = {
			isa = PBXGroup;
			children = (
				B21524271B981540000AB050 /* Security.framework */,
				B21524251B9814E9000AB050 /* LoginWithAmazon.framework */,
				64F54649E257CDB97C6126DB /* Pods.framework */,
			);
			name = Frameworks;
			sourceTree = "<group>";
		};
/* End PBXGroup section */

/* Begin PBXNativeTarget section */
		B2DD12461B86E66800E30998 /* SweatHub */ = {
			isa = PBXNativeTarget;
			buildConfigurationList = B2DD126D1B86E66800E30998 /* Build configuration list for PBXNativeTarget "SweatHub" */;
			buildPhases = (
				9EB71B804B894002B660A59B /* Check Pods Manifest.lock */,
				B2DD12431B86E66800E30998 /* Sources */,
				B2DD12441B86E66800E30998 /* Frameworks */,
				B2DD12451B86E66800E30998 /* Resources */,
				B8863DF9999BA71E93422447 /* Embed Pods Frameworks */,
				3B44DDEAADAB5BC431BB497B /* Copy Pods Resources */,
			);
			buildRules = (
			);
			dependencies = (
			);
			name = SweatHub;
			productName = SweatHub;
			productReference = B2DD12471B86E66800E30998 /* SweatHub.app */;
			productType = "com.apple.product-type.application";
		};
		B2DD12621B86E66800E30998 /* SweatHubTests */ = {
			isa = PBXNativeTarget;
			buildConfigurationList = B2DD12701B86E66800E30998 /* Build configuration list for PBXNativeTarget "SweatHubTests" */;
			buildPhases = (
				B2DD125F1B86E66800E30998 /* Sources */,
				B2DD12601B86E66800E30998 /* Frameworks */,
				B2DD12611B86E66800E30998 /* Resources */,
			);
			buildRules = (
			);
			dependencies = (
				B2DD12651B86E66800E30998 /* PBXTargetDependency */,
			);
			name = SweatHubTests;
			productName = SweatHubTests;
			productReference = B2DD12631B86E66800E30998 /* SweatHubTests.xctest */;
			productType = "com.apple.product-type.bundle.unit-test";
		};
/* End PBXNativeTarget section */

/* Begin PBXProject section */
		B2DD123F1B86E66800E30998 /* Project object */ = {
			isa = PBXProject;
			attributes = {
				LastUpgradeCheck = 0640;
				ORGANIZATIONNAME = "John Reine";
				TargetAttributes = {
					B2DD12461B86E66800E30998 = {
						CreatedOnToolsVersion = 6.4;
						DevelopmentTeam = M5M35APE2Y;
						SystemCapabilities = {
							com.apple.BackgroundModes = {
								enabled = 1;
							};
						};
					};
					B2DD12621B86E66800E30998 = {
						CreatedOnToolsVersion = 6.4;
						TestTargetID = B2DD12461B86E66800E30998;
					};
				};
			};
			buildConfigurationList = B2DD12421B86E66800E30998 /* Build configuration list for PBXProject "SweatHub" */;
			compatibilityVersion = "Xcode 3.2";
			developmentRegion = English;
			hasScannedForEncodings = 0;
			knownRegions = (
				en,
				Base,
			);
			mainGroup = B2DD123E1B86E66800E30998;
			productRefGroup = B2DD12481B86E66800E30998 /* Products */;
			projectDirPath = "";
			projectRoot = "";
			targets = (
				B2DD12461B86E66800E30998 /* SweatHub */,
				B2DD12621B86E66800E30998 /* SweatHubTests */,
			);
		};
/* End PBXProject section */

/* Begin PBXResourcesBuildPhase section */
		B2DD12451B86E66800E30998 /* Resources */ = {
			isa = PBXResourcesBuildPhase;
			buildActionMask = 2147483647;
			files = (
				B239D0611BF023CF00F06CC8 /* TodaysWorkoutViewController.xib in Resources */,
				B2D845091B8A7E6C0035E5BC /* ViewController.xib in Resources */,
				B21B94F71B86F72100DA2A66 /* Settings.bundle in Resources */,
				B23309421B925BB400D5AEDE /* RunsTableViewController.xib in Resources */,
				B23309491B92AE5D00D5AEDE /* MapViewController.xib in Resources */,
				B23309501B92C28900D5AEDE /* shoes_post_running_Sammee.jpg in Resources */,
				B2DD125B1B86E66800E30998 /* Images.xcassets in Resources */,
				B233094D1B92C14500D5AEDE /* 2015-06-27 10.28.53_post_running_sammee.jpg in Resources */,
				B2A16CB41BB90E0B000C8839 /* single_tree.jpg in Resources */,
				B23309471B92632C00D5AEDE /* HomeViewController.xib in Resources */,
				B223D01C1BBCF6D0000145FB /* landscape-78058_1280.jpg in Resources */,
			);
			runOnlyForDeploymentPostprocessing = 0;
		};
		B2DD12611B86E66800E30998 /* Resources */ = {
			isa = PBXResourcesBuildPhase;
			buildActionMask = 2147483647;
			files = (
			);
			runOnlyForDeploymentPostprocessing = 0;
		};
/* End PBXResourcesBuildPhase section */

/* Begin PBXShellScriptBuildPhase section */
		3B44DDEAADAB5BC431BB497B /* Copy Pods Resources */ = {
			isa = PBXShellScriptBuildPhase;
			buildActionMask = 2147483647;
			files = (
			);
			inputPaths = (
			);
			name = "Copy Pods Resources";
			outputPaths = (
			);
			runOnlyForDeploymentPostprocessing = 0;
			shellPath = /bin/sh;
			shellScript = "\"${SRCROOT}/Pods/Target Support Files/Pods/Pods-resources.sh\"\n";
			showEnvVarsInLog = 0;
		};
		9EB71B804B894002B660A59B /* Check Pods Manifest.lock */ = {
			isa = PBXShellScriptBuildPhase;
			buildActionMask = 2147483647;
			files = (
			);
			inputPaths = (
			);
			name = "Check Pods Manifest.lock";
			outputPaths = (
			);
			runOnlyForDeploymentPostprocessing = 0;
			shellPath = /bin/sh;
			shellScript = "diff \"${PODS_ROOT}/../Podfile.lock\" \"${PODS_ROOT}/Manifest.lock\" > /dev/null\nif [[ $? != 0 ]] ; then\n    cat << EOM\nerror: The sandbox is not in sync with the Podfile.lock. Run 'pod install' or update your CocoaPods installation.\nEOM\n    exit 1\nfi\n";
			showEnvVarsInLog = 0;
		};
		B8863DF9999BA71E93422447 /* Embed Pods Frameworks */ = {
			isa = PBXShellScriptBuildPhase;
			buildActionMask = 2147483647;
			files = (
			);
			inputPaths = (
			);
			name = "Embed Pods Frameworks";
			outputPaths = (
			);
			runOnlyForDeploymentPostprocessing = 0;
			shellPath = /bin/sh;
			shellScript = "\"${SRCROOT}/Pods/Target Support Files/Pods/Pods-frameworks.sh\"\n";
			showEnvVarsInLog = 0;
		};
/* End PBXShellScriptBuildPhase section */

/* Begin PBXSourcesBuildPhase section */
		B2DD12431B86E66800E30998 /* Sources */ = {
			isa = PBXSourcesBuildPhase;
			buildActionMask = 2147483647;
			files = (
				B2D845081B8A7E6C0035E5BC /* MapViewController.m in Sources */,
				B2DD12501B86E66800E30998 /* AppDelegate.m in Sources */,
				B2DD12531B86E66800E30998 /* SweatHub.xcdatamodeld in Sources */,
				B23309541B93E3DF00D5AEDE /* MulticolorPolylineSegment.m in Sources */,
				B23309411B925BB400D5AEDE /* RunsTableViewController.m in Sources */,
				B239D0601BF023CF00F06CC8 /* TodaysWorkoutViewController.m in Sources */,
				B21B94EF1B86F49000DA2A66 /* Run.m in Sources */,
				B23309461B92632C00D5AEDE /* HomeViewController.m in Sources */,
				B21B94F21B86F49100DA2A66 /* Location.m in Sources */,
				B2DD124D1B86E66800E30998 /* main.m in Sources */,
				B21B94F51B86F4D000DA2A66 /* MathController.m in Sources */,
			);
			runOnlyForDeploymentPostprocessing = 0;
		};
		B2DD125F1B86E66800E30998 /* Sources */ = {
			isa = PBXSourcesBuildPhase;
			buildActionMask = 2147483647;
			files = (
				B2DD126A1B86E66800E30998 /* SweatHubTests.m in Sources */,
			);
			runOnlyForDeploymentPostprocessing = 0;
		};
/* End PBXSourcesBuildPhase section */

/* Begin PBXTargetDependency section */
		B2DD12651B86E66800E30998 /* PBXTargetDependency */ = {
			isa = PBXTargetDependency;
			target = B2DD12461B86E66800E30998 /* SweatHub */;
			targetProxy = B2DD12641B86E66800E30998 /* PBXContainerItemProxy */;
		};
/* End PBXTargetDependency section */

/* Begin XCBuildConfiguration section */
		B2DD126B1B86E66800E30998 /* Debug */ = {
			isa = XCBuildConfiguration;
			buildSettings = {
				ALWAYS_SEARCH_USER_PATHS = NO;
				CLANG_CXX_LANGUAGE_STANDARD = "gnu++0x";
				CLANG_CXX_LIBRARY = "libc++";
				CLANG_ENABLE_MODULES = YES;
				CLANG_ENABLE_OBJC_ARC = YES;
				CLANG_WARN_BOOL_CONVERSION = YES;
				CLANG_WARN_CONSTANT_CONVERSION = YES;
				CLANG_WARN_DIRECT_OBJC_ISA_USAGE = YES_ERROR;
				CLANG_WARN_EMPTY_BODY = YES;
				CLANG_WARN_ENUM_CONVERSION = YES;
				CLANG_WARN_INT_CONVERSION = YES;
				CLANG_WARN_OBJC_ROOT_CLASS = YES_ERROR;
				CLANG_WARN_UNREACHABLE_CODE = YES;
				CLANG_WARN__DUPLICATE_METHOD_MATCH = YES;
				"CODE_SIGN_IDENTITY[sdk=iphoneos*]" = "iPhone Developer";
				COPY_PHASE_STRIP = NO;
				DEBUG_INFORMATION_FORMAT = "dwarf-with-dsym";
				ENABLE_BITCODE = NO;
				ENABLE_STRICT_OBJC_MSGSEND = YES;
				GCC_C_LANGUAGE_STANDARD = gnu99;
				GCC_DYNAMIC_NO_PIC = NO;
				GCC_NO_COMMON_BLOCKS = YES;
				GCC_OPTIMIZATION_LEVEL = 0;
				GCC_PREPROCESSOR_DEFINITIONS = (
					"DEBUG=1",
					"$(inherited)",
				);
				GCC_SYMBOLS_PRIVATE_EXTERN = NO;
				GCC_WARN_64_TO_32_BIT_CONVERSION = YES;
				GCC_WARN_ABOUT_RETURN_TYPE = YES_ERROR;
				GCC_WARN_UNDECLARED_SELECTOR = YES;
				GCC_WARN_UNINITIALIZED_AUTOS = YES_AGGRESSIVE;
				GCC_WARN_UNUSED_FUNCTION = YES;
				GCC_WARN_UNUSED_VARIABLE = YES;
				IPHONEOS_DEPLOYMENT_TARGET = 8.4;
				MTL_ENABLE_DEBUG_INFO = YES;
				ONLY_ACTIVE_ARCH = YES;
				SDKROOT = iphoneos;
				TARGETED_DEVICE_FAMILY = "1,2";
			};
			name = Debug;
		};
		B2DD126C1B86E66800E30998 /* Release */ = {
			isa = XCBuildConfiguration;
			buildSettings = {
				ALWAYS_SEARCH_USER_PATHS = NO;
				CLANG_CXX_LANGUAGE_STANDARD = "gnu++0x";
				CLANG_CXX_LIBRARY = "libc++";
				CLANG_ENABLE_MODULES = YES;
				CLANG_ENABLE_OBJC_ARC = YES;
				CLANG_WARN_BOOL_CONVERSION = YES;
				CLANG_WARN_CONSTANT_CONVERSION = YES;
				CLANG_WARN_DIRECT_OBJC_ISA_USAGE = YES_ERROR;
				CLANG_WARN_EMPTY_BODY = YES;
				CLANG_WARN_ENUM_CONVERSION = YES;
				CLANG_WARN_INT_CONVERSION = YES;
				CLANG_WARN_OBJC_ROOT_CLASS = YES_ERROR;
				CLANG_WARN_UNREACHABLE_CODE = YES;
				CLANG_WARN__DUPLICATE_METHOD_MATCH = YES;
				"CODE_SIGN_IDENTITY[sdk=iphoneos*]" = "iPhone Developer";
				COPY_PHASE_STRIP = NO;
				DEBUG_INFORMATION_FORMAT = "dwarf-with-dsym";
				ENABLE_BITCODE = NO;
				ENABLE_NS_ASSERTIONS = NO;
				ENABLE_STRICT_OBJC_MSGSEND = YES;
				GCC_C_LANGUAGE_STANDARD = gnu99;
				GCC_NO_COMMON_BLOCKS = YES;
				GCC_WARN_64_TO_32_BIT_CONVERSION = YES;
				GCC_WARN_ABOUT_RETURN_TYPE = YES_ERROR;
				GCC_WARN_UNDECLARED_SELECTOR = YES;
				GCC_WARN_UNINITIALIZED_AUTOS = YES_AGGRESSIVE;
				GCC_WARN_UNUSED_FUNCTION = YES;
				GCC_WARN_UNUSED_VARIABLE = YES;
				IPHONEOS_DEPLOYMENT_TARGET = 8.4;
				MTL_ENABLE_DEBUG_INFO = NO;
				SDKROOT = iphoneos;
				TARGETED_DEVICE_FAMILY = "1,2";
				VALIDATE_PRODUCT = YES;
			};
			name = Release;
		};
		B2DD126E1B86E66800E30998 /* Debug */ = {
			isa = XCBuildConfiguration;
			baseConfigurationReference = 534206F73AD4F6ECAFCE424D /* Pods.debug.xcconfig */;
			buildSettings = {
				ASSETCATALOG_COMPILER_APPICON_NAME = AppIcon;
				CODE_SIGN_IDENTITY = "iPhone Developer: john@johnreine.com (7N469LFHDC)";
				"CODE_SIGN_IDENTITY[sdk=iphoneos*]" = "";
				ENABLE_BITCODE = NO;
				FRAMEWORK_SEARCH_PATHS = (
					"$(inherited)",
					"$(PROJECT_DIR)",
				);
				INFOPLIST_FILE = SweatHub/Info.plist;
				LD_RUNPATH_SEARCH_PATHS = "$(inherited) @executable_path/Frameworks";
				PRODUCT_NAME = SweatHub;
				PROVISIONING_PROFILE = "62606245-4632-4ddb-8e9b-b1958f37489d";
			};
			name = Debug;
		};
		B2DD126F1B86E66800E30998 /* Release */ = {
			isa = XCBuildConfiguration;
			baseConfigurationReference = B2B6B8722478E28B17D39C3C /* Pods.release.xcconfig */;
			buildSettings = {
				ASSETCATALOG_COMPILER_APPICON_NAME = AppIcon;
				CODE_SIGN_IDENTITY = "iPhone Developer: john@johnreine.com (7N469LFHDC)";
				"CODE_SIGN_IDENTITY[sdk=iphoneos*]" = "";
				ENABLE_BITCODE = NO;
				FRAMEWORK_SEARCH_PATHS = (
					"$(inherited)",
					"$(PROJECT_DIR)",
				);
				INFOPLIST_FILE = SweatHub/Info.plist;
				LD_RUNPATH_SEARCH_PATHS = "$(inherited) @executable_path/Frameworks";
				PRODUCT_NAME = SweatHub;
				PROVISIONING_PROFILE = "62606245-4632-4ddb-8e9b-b1958f37489d";
			};
			name = Release;
		};
		B2DD12711B86E66800E30998 /* Debug */ = {
			isa = XCBuildConfiguration;
			buildSettings = {
				BUNDLE_LOADER = "$(TEST_HOST)";
				FRAMEWORK_SEARCH_PATHS = (
					"$(SDKROOT)/Developer/Library/Frameworks",
					"$(inherited)",
				);
				GCC_PREPROCESSOR_DEFINITIONS = (
					"DEBUG=1",
					"$(inherited)",
				);
				INFOPLIST_FILE = SweatHubTests/Info.plist;
				LD_RUNPATH_SEARCH_PATHS = "$(inherited) @executable_path/Frameworks @loader_path/Frameworks";
				PRODUCT_NAME = "$(TARGET_NAME)";
				TEST_HOST = "$(BUILT_PRODUCTS_DIR)/sammee.app/sammee";
			};
			name = Debug;
		};
		B2DD12721B86E66800E30998 /* Release */ = {
			isa = XCBuildConfiguration;
			buildSettings = {
				BUNDLE_LOADER = "$(TEST_HOST)";
				FRAMEWORK_SEARCH_PATHS = (
					"$(SDKROOT)/Developer/Library/Frameworks",
					"$(inherited)",
				);
				INFOPLIST_FILE = SweatHubTests/Info.plist;
				LD_RUNPATH_SEARCH_PATHS = "$(inherited) @executable_path/Frameworks @loader_path/Frameworks";
				PRODUCT_NAME = "$(TARGET_NAME)";
				TEST_HOST = "$(BUILT_PRODUCTS_DIR)/sammee.app/sammee";
			};
			name = Release;
		};
/* End XCBuildConfiguration section */

/* Begin XCConfigurationList section */
		B2DD12421B86E66800E30998 /* Build configuration list for PBXProject "SweatHub" */ = {
			isa = XCConfigurationList;
			buildConfigurations = (
				B2DD126B1B86E66800E30998 /* Debug */,
				B2DD126C1B86E66800E30998 /* Release */,
			);
			defaultConfigurationIsVisible = 0;
			defaultConfigurationName = Release;
		};
		B2DD126D1B86E66800E30998 /* Build configuration list for PBXNativeTarget "SweatHub" */ = {
			isa = XCConfigurationList;
			buildConfigurations = (
				B2DD126E1B86E66800E30998 /* Debug */,
				B2DD126F1B86E66800E30998 /* Release */,
			);
			defaultConfigurationIsVisible = 0;
			defaultConfigurationName = Release;
		};
		B2DD12701B86E66800E30998 /* Build configuration list for PBXNativeTarget "SweatHubTests" */ = {
			isa = XCConfigurationList;
			buildConfigurations = (
				B2DD12711B86E66800E30998 /* Debug */,
				B2DD12721B86E66800E30998 /* Release */,
			);
			defaultConfigurationIsVisible = 0;
			defaultConfigurationName = Release;
		};
/* End XCConfigurationList section */

/* Begin XCVersionGroup section */
		B2DD12511B86E66800E30998 /* SweatHub.xcdatamodeld */ = {
			isa = XCVersionGroup;
			children = (
				B2DD12521B86E66800E30998 /* SweatHub.xcdatamodel */,
			);
			currentVersion = B2DD12521B86E66800E30998 /* SweatHub.xcdatamodel */;
			path = SweatHub.xcdatamodeld;
			sourceTree = "<group>";
			versionGroupType = wrapper.xcdatamodel;
		};
/* End XCVersionGroup section */
	};
	rootObject = B2DD123F1B86E66800E30998 /* Project object */;
}
