// !$*UTF8*$!
{
	archiveVersion = 1;
	classes = {
	};
	objectVersion = 46;
	objects = {

/* Begin PBXBuildFile section */
		B2DD124D1B86E66800E30998 /* main.m in Sources */ = {isa = PBXBuildFile; fileRef = B2DD124C1B86E66800E30998 /* main.m */; };
		B2DD12501B86E66800E30998 /* AppDelegate.m in Sources */ = {isa = PBXBuildFile; fileRef = B2DD124F1B86E66800E30998 /* AppDelegate.m */; };
		B2DD12531B86E66800E30998 /* SweatHub.xcdatamodeld in Sources */ = {isa = PBXBuildFile; fileRef = B2DD12511B86E66800E30998 /* SweatHub.xcdatamodeld */; };
		B2DD12561B86E66800E30998 /* ViewController.m in Sources */ = {isa = PBXBuildFile; fileRef = B2DD12551B86E66800E30998 /* ViewController.m */; };
		B2DD12591B86E66800E30998 /* Main.storyboard in Resources */ = {isa = PBXBuildFile; fileRef = B2DD12571B86E66800E30998 /* Main.storyboard */; };
		B2DD125B1B86E66800E30998 /* Images.xcassets in Resources */ = {isa = PBXBuildFile; fileRef = B2DD125A1B86E66800E30998 /* Images.xcassets */; };
		B2DD125E1B86E66800E30998 /* LaunchScreen.xib in Resources */ = {isa = PBXBuildFile; fileRef = B2DD125C1B86E66800E30998 /* LaunchScreen.xib */; };
		B2DD126A1B86E66800E30998 /* SweatHubTests.m in Sources */ = {isa = PBXBuildFile; fileRef = B2DD12691B86E66800E30998 /* SweatHubTests.m */; };
/* End PBXBuildFile section */

/* Begin PBXContainerItemProxy section */
		B2DD12641B86E66800E30998 /* PBXContainerItemProxy */ = {
			isa = PBXContainerItemProxy;
			containerPortal = B2DD123F1B86E66800E30998 /* Project object */;
			proxyType = 1;
			remoteGlobalIDString = B2DD12461B86E66800E30998;
			remoteInfo = SweatHub;
		};
/* End PBXContainerItemProxy section */

/* Begin PBXFileReference section */
		B2DD12471B86E66800E30998 /* SweatHub.app */ = {isa = PBXFileReference; explicitFileType = wrapper.application; includeInIndex = 0; path = SweatHub.app; sourceTree = BUILT_PRODUCTS_DIR; };
		B2DD124B1B86E66800E30998 /* Info.plist */ = {isa = PBXFileReference; lastKnownFileType = text.plist.xml; path = Info.plist; sourceTree = "<group>"; };
		B2DD124C1B86E66800E30998 /* main.m */ = {isa = PBXFileReference; lastKnownFileType = sourcecode.c.objc; path = main.m; sourceTree = "<group>"; };
		B2DD124E1B86E66800E30998 /* AppDelegate.h */ = {isa = PBXFileReference; lastKnownFileType = sourcecode.c.h; path = AppDelegate.h; sourceTree = "<group>"; };
		B2DD124F1B86E66800E30998 /* AppDelegate.m */ = {isa = PBXFileReference; lastKnownFileType = sourcecode.c.objc; path = AppDelegate.m; sourceTree = "<group>"; };
		B2DD12521B86E66800E30998 /* SweatHub.xcdatamodel */ = {isa = PBXFileReference; lastKnownFileType = wrapper.xcdatamodel; path = SweatHub.xcdatamodel; sourceTree = "<group>"; };
		B2DD12541B86E66800E30998 /* ViewController.h */ = {isa = PBXFileReference; lastKnownFileType = sourcecode.c.h; path = ViewController.h; sourceTree = "<group>"; };
		B2DD12551B86E66800E30998 /* ViewController.m */ = {isa = PBXFileReference; lastKnownFileType = sourcecode.c.objc; path = ViewController.m; sourceTree = "<group>"; };
		B2DD12581B86E66800E30998 /* Base */ = {isa = PBXFileReference; lastKnownFileType = file.storyboard; name = Base; path = Base.lproj/Main.storyboard; sourceTree = "<group>"; };
		B2DD125A1B86E66800E30998 /* Images.xcassets */ = {isa = PBXFileReference; lastKnownFileType = folder.assetcatalog; path = Images.xcassets; sourceTree = "<group>"; };
		B2DD125D1B86E66800E30998 /* Base */ = {isa = PBXFileReference; lastKnownFileType = file.xib; name = Base; path = Base.lproj/LaunchScreen.xib; sourceTree = "<group>"; };
		B2DD12631B86E66800E30998 /* SweatHubTests.xctest */ = {isa = PBXFileReference; explicitFileType = wrapper.cfbundle; includeInIndex = 0; path = SweatHubTests.xctest; sourceTree = BUILT_PRODUCTS_DIR; };
		B2DD12681B86E66800E30998 /* Info.plist */ = {isa = PBXFileReference; lastKnownFileType = text.plist.xml; path = Info.plist; sourceTree = "<group>"; };
		B2DD12691B86E66800E30998 /* SweatHubTests.m */ = {isa = PBXFileReference; lastKnownFileType = sourcecode.c.objc; path = SweatHubTests.m; sourceTree = "<group>"; };
/* End PBXFileReference section */

/* Begin PBXFrameworksBuildPhase section */
		B2DD12441B86E66800E30998 /* Frameworks */ = {
			isa = PBXFrameworksBuildPhase;
			buildActionMask = 2147483647;
			files = (
			);
			runOnlyForDeploymentPostprocessing = 0;
		};
		B2DD12601B86E66800E30998 /* Frameworks */ = {
			isa = PBXFrameworksBuildPhase;
			buildActionMask = 2147483647;
			files = (
			);
			runOnlyForDeploymentPostprocessing = 0;
		};
/* End PBXFrameworksBuildPhase section */

/* Begin PBXGroup section */
		B2DD123E1B86E66800E30998 = {
			isa = PBXGroup;
			children = (
				B2DD12491B86E66800E30998 /* SweatHub */,
				B2DD12661B86E66800E30998 /* SweatHubTests */,
				B2DD12481B86E66800E30998 /* Products */,
			);
			sourceTree = "<group>";
		};
		B2DD12481B86E66800E30998 /* Products */ = {
			isa = PBXGroup;
			children = (
				B2DD12471B86E66800E30998 /* SweatHub.app */,
				B2DD12631B86E66800E30998 /* SweatHubTests.xctest */,
			);
			name = Products;
			sourceTree = "<group>";
		};
		B2DD12491B86E66800E30998 /* SweatHub */ = {
			isa = PBXGroup;
			children = (
				B2DD124E1B86E66800E30998 /* AppDelegate.h */,
				B2DD124F1B86E66800E30998 /* AppDelegate.m */,
				B2DD12541B86E66800E30998 /* ViewController.h */,
				B2DD12551B86E66800E30998 /* ViewController.m */,
				B2DD12571B86E66800E30998 /* Main.storyboard */,
				B2DD125A1B86E66800E30998 /* Images.xcassets */,
				B2DD125C1B86E66800E30998 /* LaunchScreen.xib */,
				B2DD12511B86E66800E30998 /* SweatHub.xcdatamodeld */,
				B2DD124A1B86E66800E30998 /* Supporting Files */,
			);
			path = SweatHub;
			sourceTree = "<group>";
		};
		B2DD124A1B86E66800E30998 /* Supporting Files */ = {
			isa = PBXGroup;
			children = (
				B2DD124B1B86E66800E30998 /* Info.plist */,
				B2DD124C1B86E66800E30998 /* main.m */,
			);
			name = "Supporting Files";
			sourceTree = "<group>";
		};
		B2DD12661B86E66800E30998 /* SweatHubTests */ = {
			isa = PBXGroup;
			children = (
				B2DD12691B86E66800E30998 /* SweatHubTests.m */,
				B2DD12671B86E66800E30998 /* Supporting Files */,
			);
			path = SweatHubTests;
			sourceTree = "<group>";
		};
		B2DD12671B86E66800E30998 /* Supporting Files */ = {
			isa = PBXGroup;
			children = (
				B2DD12681B86E66800E30998 /* Info.plist */,
			);
			name = "Supporting Files";
			sourceTree = "<group>";
		};
/* End PBXGroup section */

/* Begin PBXNativeTarget section */
		B2DD12461B86E66800E30998 /* SweatHub */ = {
			isa = PBXNativeTarget;
			buildConfigurationList = B2DD126D1B86E66800E30998 /* Build configuration list for PBXNativeTarget "SweatHub" */;
			buildPhases = (
				B2DD12431B86E66800E30998 /* Sources */,
				B2DD12441B86E66800E30998 /* Frameworks */,
				B2DD12451B86E66800E30998 /* Resources */,
			);
			buildRules = (
			);
			dependencies = (
			);
			name = SweatHub;
			productName = SweatHub;
			productReference = B2DD12471B86E66800E30998 /* SweatHub.app */;
			productType = "com.apple.product-type.application";
		};
		B2DD12621B86E66800E30998 /* SweatHubTests */ = {
			isa = PBXNativeTarget;
			buildConfigurationList = B2DD12701B86E66800E30998 /* Build configuration list for PBXNativeTarget "SweatHubTests" */;
			buildPhases = (
				B2DD125F1B86E66800E30998 /* Sources */,
				B2DD12601B86E66800E30998 /* Frameworks */,
				B2DD12611B86E66800E30998 /* Resources */,
			);
			buildRules = (
			);
			dependencies = (
				B2DD12651B86E66800E30998 /* PBXTargetDependency */,
			);
			name = SweatHubTests;
			productName = SweatHubTests;
			productReference = B2DD12631B86E66800E30998 /* SweatHubTests.xctest */;
			productType = "com.apple.product-type.bundle.unit-test";
		};
/* End PBXNativeTarget section */

/* Begin PBXProject section */
		B2DD123F1B86E66800E30998 /* Project object */ = {
			isa = PBXProject;
			attributes = {
				LastUpgradeCheck = 0640;
				ORGANIZATIONNAME = "John Reine";
				TargetAttributes = {
					B2DD12461B86E66800E30998 = {
						CreatedOnToolsVersion = 6.4;
					};
					B2DD12621B86E66800E30998 = {
						CreatedOnToolsVersion = 6.4;
						TestTargetID = B2DD12461B86E66800E30998;
					};
				};
			};
			buildConfigurationList = B2DD12421B86E66800E30998 /* Build configuration list for PBXProject "SweatHub" */;
			compatibilityVersion = "Xcode 3.2";
			developmentRegion = English;
			hasScannedForEncodings = 0;
			knownRegions = (
				en,
				Base,
			);
			mainGroup = B2DD123E1B86E66800E30998;
			productRefGroup = B2DD12481B86E66800E30998 /* Products */;
			projectDirPath = "";
			projectRoot = "";
			targets = (
				B2DD12461B86E66800E30998 /* SweatHub */,
				B2DD12621B86E66800E30998 /* SweatHubTests */,
			);
		};
/* End PBXProject section */

/* Begin PBXResourcesBuildPhase section */
		B2DD12451B86E66800E30998 /* Resources */ = {
			isa = PBXResourcesBuildPhase;
			buildActionMask = 2147483647;
			files = (
				B2DD12591B86E66800E30998 /* Main.storyboard in Resources */,
				B2DD125E1B86E66800E30998 /* LaunchScreen.xib in Resources */,
				B2DD125B1B86E66800E30998 /* Images.xcassets in Resources */,
			);
			runOnlyForDeploymentPostprocessing = 0;
		};
		B2DD12611B86E66800E30998 /* Resources */ = {
			isa = PBXResourcesBuildPhase;
			buildActionMask = 2147483647;
			files = (
			);
			runOnlyForDeploymentPostprocessing = 0;
		};
/* End PBXResourcesBuildPhase section */

/* Begin PBXSourcesBuildPhase section */
		B2DD12431B86E66800E30998 /* Sources */ = {
			isa = PBXSourcesBuildPhase;
			buildActionMask = 2147483647;
			files = (
				B2DD12501B86E66800E30998 /* AppDelegate.m in Sources */,
				B2DD12531B86E66800E30998 /* SweatHub.xcdatamodeld in Sources */,
				B2DD12561B86E66800E30998 /* ViewController.m in Sources */,
				B2DD124D1B86E66800E30998 /* main.m in Sources */,
			);
			runOnlyForDeploymentPostprocessing = 0;
		};
		B2DD125F1B86E66800E30998 /* Sources */ = {
			isa = PBXSourcesBuildPhase;
			buildActionMask = 2147483647;
			files = (
				B2DD126A1B86E66800E30998 /* SweatHubTests.m in Sources */,
			);
			runOnlyForDeploymentPostprocessing = 0;
		};
/* End PBXSourcesBuildPhase section */

/* Begin PBXTargetDependency section */
		B2DD12651B86E66800E30998 /* PBXTargetDependency */ = {
			isa = PBXTargetDependency;
			target = B2DD12461B86E66800E30998 /* SweatHub */;
			targetProxy = B2DD12641B86E66800E30998 /* PBXContainerItemProxy */;
		};
/* End PBXTargetDependency section */

/* Begin PBXVariantGroup section */
		B2DD12571B86E66800E30998 /* Main.storyboard */ = {
			isa = PBXVariantGroup;
			children = (
				B2DD12581B86E66800E30998 /* Base */,
			);
			name = Main.storyboard;
			sourceTree = "<group>";
		};
		B2DD125C1B86E66800E30998 /* LaunchScreen.xib */ = {
			isa = PBXVariantGroup;
			children = (
				B2DD125D1B86E66800E30998 /* Base */,
			);
			name = LaunchScreen.xib;
			sourceTree = "<group>";
		};
/* End PBXVariantGroup section */

/* Begin XCBuildConfiguration section */
		B2DD126B1B86E66800E30998 /* Debug */ = {
			isa = XCBuildConfiguration;
			buildSettings = {
				ALWAYS_SEARCH_USER_PATHS = NO;
				CLANG_CXX_LANGUAGE_STANDARD = "gnu++0x";
				CLANG_CXX_LIBRARY = "libc++";
				CLANG_ENABLE_MODULES = YES;
				CLANG_ENABLE_OBJC_ARC = YES;
				CLANG_WARN_BOOL_CONVERSION = YES;
				CLANG_WARN_CONSTANT_CONVERSION = YES;
				CLANG_WARN_DIRECT_OBJC_ISA_USAGE = YES_ERROR;
				CLANG_WARN_EMPTY_BODY = YES;
				CLANG_WARN_ENUM_CONVERSION = YES;
				CLANG_WARN_INT_CONVERSION = YES;
				CLANG_WARN_OBJC_ROOT_CLASS = YES_ERROR;
				CLANG_WARN_UNREACHABLE_CODE = YES;
				CLANG_WARN__DUPLICATE_METHOD_MATCH = YES;
				"CODE_SIGN_IDENTITY[sdk=iphoneos*]" = "iPhone Developer";
				COPY_PHASE_STRIP = NO;
				DEBUG_INFORMATION_FORMAT = "dwarf-with-dsym";
				ENABLE_STRICT_OBJC_MSGSEND = YES;
				GCC_C_LANGUAGE_STANDARD = gnu99;
				GCC_DYNAMIC_NO_PIC = NO;
				GCC_NO_COMMON_BLOCKS = YES;
				GCC_OPTIMIZATION_LEVEL = 0;
				GCC_PREPROCESSOR_DEFINITIONS = (
					"DEBUG=1",
					"$(inherited)",
				);
				GCC_SYMBOLS_PRIVATE_EXTERN = NO;
				GCC_WARN_64_TO_32_BIT_CONVERSION = YES;
				GCC_WARN_ABOUT_RETURN_TYPE = YES_ERROR;
				GCC_WARN_UNDECLARED_SELECTOR = YES;
				GCC_WARN_UNINITIALIZED_AUTOS = YES_AGGRESSIVE;
				GCC_WARN_UNUSED_FUNCTION = YES;
				GCC_WARN_UNUSED_VARIABLE = YES;
				IPHONEOS_DEPLOYMENT_TARGET = 8.4;
				MTL_ENABLE_DEBUG_INFO = YES;
				ONLY_ACTIVE_ARCH = YES;
				SDKROOT = iphoneos;
				TARGETED_DEVICE_FAMILY = "1,2";
			};
			name = Debug;
		};
		B2DD126C1B86E66800E30998 /* Release */ = {
			isa = XCBuildConfiguration;
			buildSettings = {
				ALWAYS_SEARCH_USER_PATHS = NO;
				CLANG_CXX_LANGUAGE_STANDARD = "gnu++0x";
				CLANG_CXX_LIBRARY = "libc++";
				CLANG_ENABLE_MODULES = YES;
				CLANG_ENABLE_OBJC_ARC = YES;
				CLANG_WARN_BOOL_CONVERSION = YES;
				CLANG_WARN_CONSTANT_CONVERSION = YES;
				CLANG_WARN_DIRECT_OBJC_ISA_USAGE = YES_ERROR;
				CLANG_WARN_EMPTY_BODY = YES;
				CLANG_WARN_ENUM_CONVERSION = YES;
				CLANG_WARN_INT_CONVERSION = YES;
				CLANG_WARN_OBJC_ROOT_CLASS = YES_ERROR;
				CLANG_WARN_UNREACHABLE_CODE = YES;
				CLANG_WARN__DUPLICATE_METHOD_MATCH = YES;
				"CODE_SIGN_IDENTITY[sdk=iphoneos*]" = "iPhone Developer";
				COPY_PHASE_STRIP = NO;
				DEBUG_INFORMATION_FORMAT = "dwarf-with-dsym";
				ENABLE_NS_ASSERTIONS = NO;
				ENABLE_STRICT_OBJC_MSGSEND = YES;
				GCC_C_LANGUAGE_STANDARD = gnu99;
				GCC_NO_COMMON_BLOCKS = YES;
				GCC_WARN_64_TO_32_BIT_CONVERSION = YES;
				GCC_WARN_ABOUT_RETURN_TYPE = YES_ERROR;
				GCC_WARN_UNDECLARED_SELECTOR = YES;
				GCC_WARN_UNINITIALIZED_AUTOS = YES_AGGRESSIVE;
				GCC_WARN_UNUSED_FUNCTION = YES;
				GCC_WARN_UNUSED_VARIABLE = YES;
				IPHONEOS_DEPLOYMENT_TARGET = 8.4;
				MTL_ENABLE_DEBUG_INFO = NO;
				SDKROOT = iphoneos;
				TARGETED_DEVICE_FAMILY = "1,2";
				VALIDATE_PRODUCT = YES;
			};
			name = Release;
		};
		B2DD126E1B86E66800E30998 /* Debug */ = {
			isa = XCBuildConfiguration;
			buildSettings = {
				ASSETCATALOG_COMPILER_APPICON_NAME = AppIcon;
				INFOPLIST_FILE = SweatHub/Info.plist;
				LD_RUNPATH_SEARCH_PATHS = "$(inherited) @executable_path/Frameworks";
				PRODUCT_NAME = "$(TARGET_NAME)";
			};
			name = Debug;
		};
		B2DD126F1B86E66800E30998 /* Release */ = {
			isa = XCBuildConfiguration;
			buildSettings = {
				ASSETCATALOG_COMPILER_APPICON_NAME = AppIcon;
				INFOPLIST_FILE = SweatHub/Info.plist;
				LD_RUNPATH_SEARCH_PATHS = "$(inherited) @executable_path/Frameworks";
				PRODUCT_NAME = "$(TARGET_NAME)";
			};
			name = Release;
		};
		B2DD12711B86E66800E30998 /* Debug */ = {
			isa = XCBuildConfiguration;
			buildSettings = {
				BUNDLE_LOADER = "$(TEST_HOST)";
				FRAMEWORK_SEARCH_PATHS = (
					"$(SDKROOT)/Developer/Library/Frameworks",
					"$(inherited)",
				);
				GCC_PREPROCESSOR_DEFINITIONS = (
					"DEBUG=1",
					"$(inherited)",
				);
				INFOPLIST_FILE = SweatHubTests/Info.plist;
				LD_RUNPATH_SEARCH_PATHS = "$(inherited) @executable_path/Frameworks @loader_path/Frameworks";
				PRODUCT_NAME = "$(TARGET_NAME)";
				TEST_HOST = "$(BUILT_PRODUCTS_DIR)/SweatHub.app/SweatHub";
			};
			name = Debug;
		};
		B2DD12721B86E66800E30998 /* Release */ = {
			isa = XCBuildConfiguration;
			buildSettings = {
				BUNDLE_LOADER = "$(TEST_HOST)";
				FRAMEWORK_SEARCH_PATHS = (
					"$(SDKROOT)/Developer/Library/Frameworks",
					"$(inherited)",
				);
				INFOPLIST_FILE = SweatHubTests/Info.plist;
				LD_RUNPATH_SEARCH_PATHS = "$(inherited) @executable_path/Frameworks @loader_path/Frameworks";
				PRODUCT_NAME = "$(TARGET_NAME)";
				TEST_HOST = "$(BUILT_PRODUCTS_DIR)/SweatHub.app/SweatHub";
			};
			name = Release;
		};
/* End XCBuildConfiguration section */

/* Begin XCConfigurationList section */
		B2DD12421B86E66800E30998 /* Build configuration list for PBXProject "SweatHub" */ = {
			isa = XCConfigurationList;
			buildConfigurations = (
				B2DD126B1B86E66800E30998 /* Debug */,
				B2DD126C1B86E66800E30998 /* Release */,
			);
			defaultConfigurationIsVisible = 0;
			defaultConfigurationName = Release;
		};
		B2DD126D1B86E66800E30998 /* Build configuration list for PBXNativeTarget "SweatHub" */ = {
			isa = XCConfigurationList;
			buildConfigurations = (
				B2DD126E1B86E66800E30998 /* Debug */,
				B2DD126F1B86E66800E30998 /* Release */,
			);
			defaultConfigurationIsVisible = 0;
		};
		B2DD12701B86E66800E30998 /* Build configuration list for PBXNativeTarget "SweatHubTests" */ = {
			isa = XCConfigurationList;
			buildConfigurations = (
				B2DD12711B86E66800E30998 /* Debug */,
				B2DD12721B86E66800E30998 /* Release */,
			);
			defaultConfigurationIsVisible = 0;
		};
/* End XCConfigurationList section */

/* Begin XCVersionGroup section */
		B2DD12511B86E66800E30998 /* SweatHub.xcdatamodeld */ = {
			isa = XCVersionGroup;
			children = (
				B2DD12521B86E66800E30998 /* SweatHub.xcdatamodel */,
			);
			currentVersion = B2DD12521B86E66800E30998 /* SweatHub.xcdatamodel */;
			path = SweatHub.xcdatamodeld;
			sourceTree = "<group>";
			versionGroupType = wrapper.xcdatamodel;
		};
/* End XCVersionGroup section */
	};
	rootObject = B2DD123F1B86E66800E30998 /* Project object */;
}
